
Microsoft Visual Studio Solution File, Format Version 12.00
# Visual Studio 2012
Project("{FAE04EC0-301F-11D3-BF4B-00C04F79EFBC}") = "Hello911InfoViz", "Hello911InfoViz\Hello911InfoViz.csproj", "{51310E2E-6E1B-46ED-85C0-5C9CDED14ECF}"
EndProject
Project("{CC5FD16D-436D-48AD-A40C-5A424C6E3E79}") = "WebApiAzure", "WebApiAzure\WebApiAzure.ccproj", "{7E80714B-CFEB-4647-8628-E80D2CAF55A9}"
EndProject
Global
	GlobalSection(SolutionConfigurationPlatforms) = preSolution
		Debug|Any CPU = Debug|Any CPU
		Release|Any CPU = Release|Any CPU
	EndGlobalSection
	GlobalSection(ProjectConfigurationPlatforms) = postSolution
		{51310E2E-6E1B-46ED-85C0-5C9CDED14ECF}.Debug|Any CPU.ActiveCfg = Debug|Any CPU
		{51310E2E-6E1B-46ED-85C0-5C9CDED14ECF}.Debug|Any CPU.Build.0 = Debug|Any CPU
		{51310E2E-6E1B-46ED-85C0-5C9CDED14ECF}.Release|Any CPU.ActiveCfg = Release|Any CPU
		{51310E2E-6E1B-46ED-85C0-5C9CDED14ECF}.Release|Any CPU.Build.0 = Release|Any CPU
		{7E80714B-CFEB-4647-8628-E80D2CAF55A9}.Debug|Any CPU.ActiveCfg = Debug|Any CPU
		{7E80714B-CFEB-4647-8628-E80D2CAF55A9}.Debug|Any CPU.Build.0 = Debug|Any CPU
		{7E80714B-CFEB-4647-8628-E80D2CAF55A9}.Release|Any CPU.ActiveCfg = Release|Any CPU
		{7E80714B-CFEB-4647-8628-E80D2CAF55A9}.Release|Any CPU.Build.0 = Release|Any CPU
	EndGlobalSection
	GlobalSection(SolutionProperties) = preSolution
		HideSolutionNode = FALSE
	EndGlobalSection
EndGlobal
